{
  "originHash" : "a35de316ee36e3509ace9aa0f5f400651a7c9fe5656298b3c8f22be56346df54",
  "pins" : [
    {
      "identity" : "grape",
      "kind" : "remoteSourceControl",
      "location" : "https://github.com/li3zhen1/Grape",
      "state" : {
        "revision" : "48eb7d8ab4ce549c6cdde106b5f7fa317421364c",
        "version" : "1.1.0"
      }
    }
  ],
  "version" : 3
}
